
Microsoft Visual Studio Solution File, Format Version 12.00
# Visual Studio Version 16
VisualStudioVersion = 16.0.33328.57
MinimumVisualStudioVersion = 10.0.40219.1
Project("{9A19103F-16F7-4668-BE54-9A1E7A4F7556}") = "UserManagement.Infrastructure", "UserManagement.Infrastructure\UserManagement.Infrastructure.csproj", "{FC48B15F-82E8-4AE8-8BBB-EB0F4D99E1C8}"
EndProject
Project("{9A19103F-16F7-4668-BE54-9A1E7A4F7556}") = "UserManagement.Core", "UserManagement.Core\UserManagement.Core.csproj", "{7E6E0EFB-4ED3-4E8D-9B25-DA35E0ACC76A}"
EndProject
Project("{FAE04EC0-301F-11D3-BF4B-00C04F79EFBC}") = "UserManagement", "UserManagement\UserManagement.csproj", "{D9B62540-B9E1-42C7-A4FC-5D2A7B069064}"
	ProjectSection(ProjectDependencies) = postProject
		{FC48B15F-82E8-4AE8-8BBB-EB0F4D99E1C8} = {FC48B15F-82E8-4AE8-8BBB-EB0F4D99E1C8}
	EndProjectSection
EndProject
Global
	GlobalSection(SolutionConfigurationPlatforms) = preSolution
		Debug|Any CPU = Debug|Any CPU
		Release|Any CPU = Release|Any CPU
	EndGlobalSection
	GlobalSection(ProjectConfigurationPlatforms) = postSolution
		{FC48B15F-82E8-4AE8-8BBB-EB0F4D99E1C8}.Debug|Any CPU.ActiveCfg = Debug|Any CPU
		{FC48B15F-82E8-4AE8-8BBB-EB0F4D99E1C8}.Debug|Any CPU.Build.0 = Debug|Any CPU
		{FC48B15F-82E8-4AE8-8BBB-EB0F4D99E1C8}.Release|Any CPU.ActiveCfg = Release|Any CPU
		{FC48B15F-82E8-4AE8-8BBB-EB0F4D99E1C8}.Release|Any CPU.Build.0 = Release|Any CPU
		{7E6E0EFB-4ED3-4E8D-9B25-DA35E0ACC76A}.Debug|Any CPU.ActiveCfg = Debug|Any CPU
		{7E6E0EFB-4ED3-4E8D-9B25-DA35E0ACC76A}.Debug|Any CPU.Build.0 = Debug|Any CPU
		{7E6E0EFB-4ED3-4E8D-9B25-DA35E0ACC76A}.Release|Any CPU.ActiveCfg = Release|Any CPU
		{7E6E0EFB-4ED3-4E8D-9B25-DA35E0ACC76A}.Release|Any CPU.Build.0 = Release|Any CPU
		{D9B62540-B9E1-42C7-A4FC-5D2A7B069064}.Debug|Any CPU.ActiveCfg = Debug|Any CPU
		{D9B62540-B9E1-42C7-A4FC-5D2A7B069064}.Debug|Any CPU.Build.0 = Debug|Any CPU
		{D9B62540-B9E1-42C7-A4FC-5D2A7B069064}.Release|Any CPU.ActiveCfg = Release|Any CPU
		{D9B62540-B9E1-42C7-A4FC-5D2A7B069064}.Release|Any CPU.Build.0 = Release|Any CPU
	EndGlobalSection
	GlobalSection(SolutionProperties) = preSolution
		HideSolutionNode = FALSE
	EndGlobalSection
	GlobalSection(ExtensibilityGlobals) = postSolution
		SolutionGuid = {1A48D0AB-A964-425D-94BC-F40D1CC7C58F}
	EndGlobalSection
EndGlobal
